
Microsoft Visual Studio Solution File, Format Version 12.00
# Visual Studio Version 16
VisualStudioVersion = 16.0.31424.327
MinimumVisualStudioVersion = 10.0.40219.1
Project("{FAE04EC0-301F-11D3-BF4B-00C04F79EFBC}") = "github-demo", "github-demo\github-demo.csproj", "{C2A45F77-B33F-4BC6-A107-2B9FA30589E4}"
EndProject
Global
	GlobalSection(SolutionConfigurationPlatforms) = preSolution
		Debug|Any CPU = Debug|Any CPU
		Release|Any CPU = Release|Any CPU
	EndGlobalSection
	GlobalSection(ProjectConfigurationPlatforms) = postSolution
		{C2A45F77-B33F-4BC6-A107-2B9FA30589E4}.Debug|Any CPU.ActiveCfg = Debug|Any CPU
		{C2A45F77-B33F-4BC6-A107-2B9FA30589E4}.Debug|Any CPU.Build.0 = Debug|Any CPU
		{C2A45F77-B33F-4BC6-A107-2B9FA30589E4}.Release|Any CPU.ActiveCfg = Release|Any CPU
		{C2A45F77-B33F-4BC6-A107-2B9FA30589E4}.Release|Any CPU.Build.0 = Release|Any CPU
	EndGlobalSection
	GlobalSection(SolutionProperties) = preSolution
		HideSolutionNode = FALSE
	EndGlobalSection
	GlobalSection(ExtensibilityGlobals) = postSolution
		SolutionGuid = {3E00CDE8-91BE-48C6-A065-BD53D55BFEC2}
	EndGlobalSection
EndGlobal
